
Microsoft Visual Studio Solution File, Format Version 12.00
# Visual Studio Version 17
VisualStudioVersion = 17.3.32811.315
MinimumVisualStudioVersion = 10.0.40219.1
Project("{FAE04EC0-301F-11D3-BF4B-00C04F79EFBC}") = "Will_UnitTest1_4", "Will_UnitTest1_4.csproj", "{5A2D3C9B-13E2-49A1-B69B-5CBDEE2A5D08}"
EndProject
Global
	GlobalSection(SolutionConfigurationPlatforms) = preSolution
		Debug|Any CPU = Debug|Any CPU
		Release|Any CPU = Release|Any CPU
	EndGlobalSection
	GlobalSection(ProjectConfigurationPlatforms) = postSolution
		{5A2D3C9B-13E2-49A1-B69B-5CBDEE2A5D08}.Debug|Any CPU.ActiveCfg = Debug|Any CPU
		{5A2D3C9B-13E2-49A1-B69B-5CBDEE2A5D08}.Debug|Any CPU.Build.0 = Debug|Any CPU
		{5A2D3C9B-13E2-49A1-B69B-5CBDEE2A5D08}.Release|Any CPU.ActiveCfg = Release|Any CPU
		{5A2D3C9B-13E2-49A1-B69B-5CBDEE2A5D08}.Release|Any CPU.Build.0 = Release|Any CPU
	EndGlobalSection
	GlobalSection(SolutionProperties) = preSolution
		HideSolutionNode = FALSE
	EndGlobalSection
	GlobalSection(ExtensibilityGlobals) = postSolution
		SolutionGuid = {43803834-08FB-46F9-AA74-B1E5108092CE}
	EndGlobalSection
EndGlobal
