
Microsoft Visual Studio Solution File, Format Version 12.00
# Visual Studio Version 17
VisualStudioVersion = 17.3.32811.315
MinimumVisualStudioVersion = 10.0.40219.1
Project("{FAE04EC0-301F-11D3-BF4B-00C04F79EFBC}") = "Will_UnitTest1_13", "Will_UnitTest1_13.csproj", "{D3C6C1A1-7D4F-4CA1-B9FE-CB5002A63739}"
EndProject
Global
	GlobalSection(SolutionConfigurationPlatforms) = preSolution
		Debug|Any CPU = Debug|Any CPU
		Release|Any CPU = Release|Any CPU
	EndGlobalSection
	GlobalSection(ProjectConfigurationPlatforms) = postSolution
		{D3C6C1A1-7D4F-4CA1-B9FE-CB5002A63739}.Debug|Any CPU.ActiveCfg = Debug|Any CPU
		{D3C6C1A1-7D4F-4CA1-B9FE-CB5002A63739}.Debug|Any CPU.Build.0 = Debug|Any CPU
		{D3C6C1A1-7D4F-4CA1-B9FE-CB5002A63739}.Release|Any CPU.ActiveCfg = Release|Any CPU
		{D3C6C1A1-7D4F-4CA1-B9FE-CB5002A63739}.Release|Any CPU.Build.0 = Release|Any CPU
	EndGlobalSection
	GlobalSection(SolutionProperties) = preSolution
		HideSolutionNode = FALSE
	EndGlobalSection
	GlobalSection(ExtensibilityGlobals) = postSolution
		SolutionGuid = {457134B5-2267-4CFF-BB94-54EF7985019B}
	EndGlobalSection
EndGlobal
