
Microsoft Visual Studio Solution File, Format Version 12.00
# Visual Studio Version 17
VisualStudioVersion = 17.3.32811.315
MinimumVisualStudioVersion = 10.0.40219.1
Project("{FAE04EC0-301F-11D3-BF4B-00C04F79EFBC}") = "Will_UnitTest1_3", "Will_UnitTest1_3.csproj", "{CF4498EC-8F04-45EB-A7C8-951111542912}"
EndProject
Global
	GlobalSection(SolutionConfigurationPlatforms) = preSolution
		Debug|Any CPU = Debug|Any CPU
		Release|Any CPU = Release|Any CPU
	EndGlobalSection
	GlobalSection(ProjectConfigurationPlatforms) = postSolution
		{CF4498EC-8F04-45EB-A7C8-951111542912}.Debug|Any CPU.ActiveCfg = Debug|Any CPU
		{CF4498EC-8F04-45EB-A7C8-951111542912}.Debug|Any CPU.Build.0 = Debug|Any CPU
		{CF4498EC-8F04-45EB-A7C8-951111542912}.Release|Any CPU.ActiveCfg = Release|Any CPU
		{CF4498EC-8F04-45EB-A7C8-951111542912}.Release|Any CPU.Build.0 = Release|Any CPU
	EndGlobalSection
	GlobalSection(SolutionProperties) = preSolution
		HideSolutionNode = FALSE
	EndGlobalSection
	GlobalSection(ExtensibilityGlobals) = postSolution
		SolutionGuid = {E1F5994C-1CEC-4419-80C7-F1ECD85B07B0}
	EndGlobalSection
EndGlobal
