
Microsoft Visual Studio Solution File, Format Version 12.00
# Visual Studio Version 17
VisualStudioVersion = 17.3.32811.315
MinimumVisualStudioVersion = 10.0.40219.1
Project("{FAE04EC0-301F-11D3-BF4B-00C04F79EFBC}") = "Will_Unit_Test_3_3", "Will_Unit_Test_3_3.csproj", "{C0206772-E9FA-4B03-B425-CDDFAC91196A}"
EndProject
Global
	GlobalSection(SolutionConfigurationPlatforms) = preSolution
		Debug|Any CPU = Debug|Any CPU
		Release|Any CPU = Release|Any CPU
	EndGlobalSection
	GlobalSection(ProjectConfigurationPlatforms) = postSolution
		{C0206772-E9FA-4B03-B425-CDDFAC91196A}.Debug|Any CPU.ActiveCfg = Debug|Any CPU
		{C0206772-E9FA-4B03-B425-CDDFAC91196A}.Debug|Any CPU.Build.0 = Debug|Any CPU
		{C0206772-E9FA-4B03-B425-CDDFAC91196A}.Release|Any CPU.ActiveCfg = Release|Any CPU
		{C0206772-E9FA-4B03-B425-CDDFAC91196A}.Release|Any CPU.Build.0 = Release|Any CPU
	EndGlobalSection
	GlobalSection(SolutionProperties) = preSolution
		HideSolutionNode = FALSE
	EndGlobalSection
	GlobalSection(ExtensibilityGlobals) = postSolution
		SolutionGuid = {4D312EAB-3ABA-41FA-A3D8-9A903E179D83}
	EndGlobalSection
EndGlobal
